// !$*UTF8*$!
{
	archiveVersion = 1;
	classes = {
	};
	objectVersion = 50;
	objects = {

/* Begin PBXBuildFile section */
		18447C6D22FAF04F000BE692 /* MealRealm.swift in Sources */ = {isa = PBXBuildFile; fileRef = 18447C6C22FAF04F000BE692 /* MealRealm.swift */; };
		D5ABD3BD2270928100791538 /* AppDelegate.swift in Sources */ = {isa = PBXBuildFile; fileRef = D5ABD3BC2270928100791538 /* AppDelegate.swift */; };
		D5ABD3BF2270928100791538 /* ViewController.swift in Sources */ = {isa = PBXBuildFile; fileRef = D5ABD3BE2270928100791538 /* ViewController.swift */; };
		D5ABD3C22270928100791538 /* Main.storyboard in Resources */ = {isa = PBXBuildFile; fileRef = D5ABD3C02270928100791538 /* Main.storyboard */; };
		D5ABD3C52270928100791538 /* LocalJson.xcdatamodeld in Sources */ = {isa = PBXBuildFile; fileRef = D5ABD3C32270928100791538 /* LocalJson.xcdatamodeld */; };
		D5ABD3C72270928200791538 /* Assets.xcassets in Resources */ = {isa = PBXBuildFile; fileRef = D5ABD3C62270928200791538 /* Assets.xcassets */; };
		D5ABD3CA2270928200791538 /* LaunchScreen.storyboard in Resources */ = {isa = PBXBuildFile; fileRef = D5ABD3C82270928200791538 /* LaunchScreen.storyboard */; };
		D5ABD3D82270951000791538 /* test.json in Resources */ = {isa = PBXBuildFile; fileRef = D5ABD3D72270951000791538 /* test.json */; };
		D5ABD3DA2270A82000791538 /* TableCell.swift in Sources */ = {isa = PBXBuildFile; fileRef = D5ABD3D92270A82000791538 /* TableCell.swift */; };
		F22ACA78CC49D934CA593074 /* Pods_LocalJson.framework in Frameworks */ = {isa = PBXBuildFile; fileRef = 6A60BBC73F358E014EBDFF31 /* Pods_LocalJson.framework */; };
/* End PBXBuildFile section */

/* Begin PBXFileReference section */
		18447C6C22FAF04F000BE692 /* MealRealm.swift */ = {isa = PBXFileReference; lastKnownFileType = sourcecode.swift; path = MealRealm.swift; sourceTree = "<group>"; };
		6A60BBC73F358E014EBDFF31 /* Pods_LocalJson.framework */ = {isa = PBXFileReference; explicitFileType = wrapper.framework; includeInIndex = 0; path = Pods_LocalJson.framework; sourceTree = BUILT_PRODUCTS_DIR; };
		6F30BC438D06844B37DF0050 /* Pods-LocalJson.debug.xcconfig */ = {isa = PBXFileReference; includeInIndex = 1; lastKnownFileType = text.xcconfig; name = "Pods-LocalJson.debug.xcconfig"; path = "Target Support Files/Pods-LocalJson/Pods-LocalJson.debug.xcconfig"; sourceTree = "<group>"; };
		A48B115FCA96493E8FB18880 /* Pods-LocalJson.release.xcconfig */ = {isa = PBXFileReference; includeInIndex = 1; lastKnownFileType = text.xcconfig; name = "Pods-LocalJson.release.xcconfig"; path = "Target Support Files/Pods-LocalJson/Pods-LocalJson.release.xcconfig"; sourceTree = "<group>"; };
		D5ABD3B92270928100791538 /* LocalJson.app */ = {isa = PBXFileReference; explicitFileType = wrapper.application; includeInIndex = 0; path = LocalJson.app; sourceTree = BUILT_PRODUCTS_DIR; };
		D5ABD3BC2270928100791538 /* AppDelegate.swift */ = {isa = PBXFileReference; lastKnownFileType = sourcecode.swift; path = AppDelegate.swift; sourceTree = "<group>"; };
		D5ABD3BE2270928100791538 /* ViewController.swift */ = {isa = PBXFileReference; lastKnownFileType = sourcecode.swift; path = ViewController.swift; sourceTree = "<group>"; };
		D5ABD3C12270928100791538 /* Base */ = {isa = PBXFileReference; lastKnownFileType = file.storyboard; name = Base; path = Base.lproj/Main.storyboard; sourceTree = "<group>"; };
		D5ABD3C42270928100791538 /* LocalJson.xcdatamodel */ = {isa = PBXFileReference; lastKnownFileType = wrapper.xcdatamodel; path = LocalJson.xcdatamodel; sourceTree = "<group>"; };
		D5ABD3C62270928200791538 /* Assets.xcassets */ = {isa = PBXFileReference; lastKnownFileType = folder.assetcatalog; path = Assets.xcassets; sourceTree = "<group>"; };
		D5ABD3C92270928200791538 /* Base */ = {isa = PBXFileReference; lastKnownFileType = file.storyboard; name = Base; path = Base.lproj/LaunchScreen.storyboard; sourceTree = "<group>"; };
		D5ABD3CB2270928200791538 /* Info.plist */ = {isa = PBXFileReference; lastKnownFileType = text.plist.xml; path = Info.plist; sourceTree = "<group>"; };
		D5ABD3D72270951000791538 /* test.json */ = {isa = PBXFileReference; fileEncoding = 4; lastKnownFileType = text.json; path = test.json; sourceTree = "<group>"; };
		D5ABD3D92270A82000791538 /* TableCell.swift */ = {isa = PBXFileReference; lastKnownFileType = sourcecode.swift; path = TableCell.swift; sourceTree = "<group>"; };
/* End PBXFileReference section */

/* Begin PBXFrameworksBuildPhase section */
		D5ABD3B62270928100791538 /* Frameworks */ = {
			isa = PBXFrameworksBuildPhase;
			buildActionMask = 2147483647;
			files = (
				F22ACA78CC49D934CA593074 /* Pods_LocalJson.framework in Frameworks */,
			);
			runOnlyForDeploymentPostprocessing = 0;
		};
/* End PBXFrameworksBuildPhase section */

/* Begin PBXGroup section */
		18447C6E22FB055A000BE692 /* controllers */ = {
			isa = PBXGroup;
			children = (
				D5ABD3D92270A82000791538 /* TableCell.swift */,
				D5ABD3BE2270928100791538 /* ViewController.swift */,
			);
			path = controllers;
			sourceTree = "<group>";
		};
		18447C6F22FB057C000BE692 /* Model */ = {
			isa = PBXGroup;
			children = (
				18447C6C22FAF04F000BE692 /* MealRealm.swift */,
			);
			path = Model;
			sourceTree = "<group>";
		};
		18447C7022FB05A1000BE692 /* View */ = {
			isa = PBXGroup;
			children = (
				D5ABD3C82270928200791538 /* LaunchScreen.storyboard */,
				D5ABD3C62270928200791538 /* Assets.xcassets */,
				D5ABD3C02270928100791538 /* Main.storyboard */,
			);
			path = View;
			sourceTree = "<group>";
		};
		502A57239A52D7D1B038CA26 /* Frameworks */ = {
			isa = PBXGroup;
			children = (
				6A60BBC73F358E014EBDFF31 /* Pods_LocalJson.framework */,
			);
			name = Frameworks;
			sourceTree = "<group>";
		};
		63783904FBC44A22145EB3CB /* Pods */ = {
			isa = PBXGroup;
			children = (
				6F30BC438D06844B37DF0050 /* Pods-LocalJson.debug.xcconfig */,
				A48B115FCA96493E8FB18880 /* Pods-LocalJson.release.xcconfig */,
			);
			path = Pods;
			sourceTree = "<group>";
		};
		D5ABD3B02270928100791538 = {
			isa = PBXGroup;
			children = (
				D5ABD3BB2270928100791538 /* LocalJson */,
				D5ABD3BA2270928100791538 /* Products */,
				63783904FBC44A22145EB3CB /* Pods */,
				502A57239A52D7D1B038CA26 /* Frameworks */,
			);
			sourceTree = "<group>";
		};
		D5ABD3BA2270928100791538 /* Products */ = {
			isa = PBXGroup;
			children = (
				D5ABD3B92270928100791538 /* LocalJson.app */,
			);
			name = Products;
			sourceTree = "<group>";
		};
		D5ABD3BB2270928100791538 /* LocalJson */ = {
			isa = PBXGroup;
			children = (
				D5ABD3BC2270928100791538 /* AppDelegate.swift */,
				18447C7022FB05A1000BE692 /* View */,
				18447C6E22FB055A000BE692 /* controllers */,
				18447C6F22FB057C000BE692 /* Model */,
				D5ABD3CB2270928200791538 /* Info.plist */,
				D5ABD3C32270928100791538 /* LocalJson.xcdatamodeld */,
				D5ABD3D72270951000791538 /* test.json */,
			);
			path = LocalJson;
			sourceTree = "<group>";
		};
/* End PBXGroup section */

/* Begin PBXNativeTarget section */
		D5ABD3B82270928100791538 /* LocalJson */ = {
			isa = PBXNativeTarget;
			buildConfigurationList = D5ABD3CE2270928200791538 /* Build configuration list for PBXNativeTarget "LocalJson" */;
			buildPhases = (
				F506D33CE40AA156E2BE16C9 /* [CP] Check Pods Manifest.lock */,
				D5ABD3B52270928100791538 /* Sources */,
				D5ABD3B62270928100791538 /* Frameworks */,
				D5ABD3B72270928100791538 /* Resources */,
				738D90695200C3F7C22B5CDC /* [CP] Embed Pods Frameworks */,
			);
			buildRules = (
			);
			dependencies = (
			);
			name = LocalJson;
			productName = LocalJson;
			productReference = D5ABD3B92270928100791538 /* LocalJson.app */;
			productType = "com.apple.product-type.application";
		};
/* End PBXNativeTarget section */

/* Begin PBXProject section */
		D5ABD3B12270928100791538 /* Project object */ = {
			isa = PBXProject;
			attributes = {
				LastSwiftUpdateCheck = 1010;
				LastUpgradeCheck = 1010;
				ORGANIZATIONNAME = QUADRANT;
				TargetAttributes = {
					D5ABD3B82270928100791538 = {
						CreatedOnToolsVersion = 10.1;
					};
				};
			};
			buildConfigurationList = D5ABD3B42270928100791538 /* Build configuration list for PBXProject "LocalJson" */;
			compatibilityVersion = "Xcode 9.3";
			developmentRegion = en;
			hasScannedForEncodings = 0;
			knownRegions = (
				en,
				Base,
			);
			mainGroup = D5ABD3B02270928100791538;
			productRefGroup = D5ABD3BA2270928100791538 /* Products */;
			projectDirPath = "";
			projectRoot = "";
			targets = (
				D5ABD3B82270928100791538 /* LocalJson */,
			);
		};
/* End PBXProject section */

/* Begin PBXResourcesBuildPhase section */
		D5ABD3B72270928100791538 /* Resources */ = {
			isa = PBXResourcesBuildPhase;
			buildActionMask = 2147483647;
			files = (
				D5ABD3D82270951000791538 /* test.json in Resources */,
				D5ABD3CA2270928200791538 /* LaunchScreen.storyboard in Resources */,
				D5ABD3C72270928200791538 /* Assets.xcassets in Resources */,
				D5ABD3C22270928100791538 /* Main.storyboard in Resources */,
			);
			runOnlyForDeploymentPostprocessing = 0;
		};
/* End PBXResourcesBuildPhase section */

/* Begin PBXShellScriptBuildPhase section */
		738D90695200C3F7C22B5CDC /* [CP] Embed Pods Frameworks */ = {
			isa = PBXShellScriptBuildPhase;
			buildActionMask = 2147483647;
			files = (
			);
			inputFileListPaths = (
			);
			inputPaths = (
				"${PODS_ROOT}/Target Support Files/Pods-LocalJson/Pods-LocalJson-frameworks.sh",
				"${BUILT_PRODUCTS_DIR}/Realm/Realm.framework",
				"${BUILT_PRODUCTS_DIR}/RealmSwift/RealmSwift.framework",
			);
			name = "[CP] Embed Pods Frameworks";
			outputFileListPaths = (
			);
			outputPaths = (
				"${TARGET_BUILD_DIR}/${FRAMEWORKS_FOLDER_PATH}/Realm.framework",
				"${TARGET_BUILD_DIR}/${FRAMEWORKS_FOLDER_PATH}/RealmSwift.framework",
			);
			runOnlyForDeploymentPostprocessing = 0;
			shellPath = /bin/sh;
			shellScript = "\"${PODS_ROOT}/Target Support Files/Pods-LocalJson/Pods-LocalJson-frameworks.sh\"\n";
			showEnvVarsInLog = 0;
		};
		F506D33CE40AA156E2BE16C9 /* [CP] Check Pods Manifest.lock */ = {
			isa = PBXShellScriptBuildPhase;
			buildActionMask = 2147483647;
			files = (
			);
			inputFileListPaths = (
			);
			inputPaths = (
				"${PODS_PODFILE_DIR_PATH}/Podfile.lock",
				"${PODS_ROOT}/Manifest.lock",
			);
			name = "[CP] Check Pods Manifest.lock";
			outputFileListPaths = (
			);
			outputPaths = (
				"$(DERIVED_FILE_DIR)/Pods-LocalJson-checkManifestLockResult.txt",
			);
			runOnlyForDeploymentPostprocessing = 0;
			shellPath = /bin/sh;
			shellScript = "diff \"${PODS_PODFILE_DIR_PATH}/Podfile.lock\" \"${PODS_ROOT}/Manifest.lock\" > /dev/null\nif [ $? != 0 ] ; then\n    # print error to STDERR\n    echo \"error: The sandbox is not in sync with the Podfile.lock. Run 'pod install' or update your CocoaPods installation.\" >&2\n    exit 1\nfi\n# This output is used by Xcode 'outputs' to avoid re-running this script phase.\necho \"SUCCESS\" > \"${SCRIPT_OUTPUT_FILE_0}\"\n";
			showEnvVarsInLog = 0;
		};
/* End PBXShellScriptBuildPhase section */

/* Begin PBXSourcesBuildPhase section */
		D5ABD3B52270928100791538 /* Sources */ = {
			isa = PBXSourcesBuildPhase;
			buildActionMask = 2147483647;
			files = (
				D5ABD3BF2270928100791538 /* ViewController.swift in Sources */,
				D5ABD3BD2270928100791538 /* AppDelegate.swift in Sources */,
				D5ABD3DA2270A82000791538 /* TableCell.swift in Sources */,
				18447C6D22FAF04F000BE692 /* MealRealm.swift in Sources */,
				D5ABD3C52270928100791538 /* LocalJson.xcdatamodeld in Sources */,
			);
			runOnlyForDeploymentPostprocessing = 0;
		};
/* End PBXSourcesBuildPhase section */

/* Begin PBXVariantGroup section */
		D5ABD3C02270928100791538 /* Main.storyboard */ = {
			isa = PBXVariantGroup;
			children = (
				D5ABD3C12270928100791538 /* Base */,
			);
			name = Main.storyboard;
			sourceTree = "<group>";
		};
		D5ABD3C82270928200791538 /* LaunchScreen.storyboard */ = {
			isa = PBXVariantGroup;
			children = (
				D5ABD3C92270928200791538 /* Base */,
			);
			name = LaunchScreen.storyboard;
			sourceTree = "<group>";
		};
/* End PBXVariantGroup section */

/* Begin XCBuildConfiguration section */
		D5ABD3CC2270928200791538 /* Debug */ = {
			isa = XCBuildConfiguration;
			buildSettings = {
				ALWAYS_SEARCH_USER_PATHS = NO;
				CLANG_ANALYZER_NONNULL = YES;
				CLANG_ANALYZER_NUMBER_OBJECT_CONVERSION = YES_AGGRESSIVE;
				CLANG_CXX_LANGUAGE_STANDARD = "gnu++14";
				CLANG_CXX_LIBRARY = "libc++";
				CLANG_ENABLE_MODULES = YES;
				CLANG_ENABLE_OBJC_ARC = YES;
				CLANG_ENABLE_OBJC_WEAK = YES;
				CLANG_WARN_BLOCK_CAPTURE_AUTORELEASING = YES;
				CLANG_WARN_BOOL_CONVERSION = YES;
				CLANG_WARN_COMMA = YES;
				CLANG_WARN_CONSTANT_CONVERSION = YES;
				CLANG_WARN_DEPRECATED_OBJC_IMPLEMENTATIONS = YES;
				CLANG_WARN_DIRECT_OBJC_ISA_USAGE = YES_ERROR;
				CLANG_WARN_DOCUMENTATION_COMMENTS = YES;
				CLANG_WARN_EMPTY_BODY = YES;
				CLANG_WARN_ENUM_CONVERSION = YES;
				CLANG_WARN_INFINITE_RECURSION = YES;
				CLANG_WARN_INT_CONVERSION = YES;
				CLANG_WARN_NON_LITERAL_NULL_CONVERSION = YES;
				CLANG_WARN_OBJC_IMPLICIT_RETAIN_SELF = YES;
				CLANG_WARN_OBJC_LITERAL_CONVERSION = YES;
				CLANG_WARN_OBJC_ROOT_CLASS = YES_ERROR;
				CLANG_WARN_RANGE_LOOP_ANALYSIS = YES;
				CLANG_WARN_STRICT_PROTOTYPES = YES;
				CLANG_WARN_SUSPICIOUS_MOVE = YES;
				CLANG_WARN_UNGUARDED_AVAILABILITY = YES_AGGRESSIVE;
				CLANG_WARN_UNREACHABLE_CODE = YES;
				CLANG_WARN__DUPLICATE_METHOD_MATCH = YES;
				CODE_SIGN_IDENTITY = "iPhone Developer";
				COPY_PHASE_STRIP = NO;
				DEBUG_INFORMATION_FORMAT = dwarf;
				ENABLE_STRICT_OBJC_MSGSEND = YES;
				ENABLE_TESTABILITY = YES;
				GCC_C_LANGUAGE_STANDARD = gnu11;
				GCC_DYNAMIC_NO_PIC = NO;
				GCC_NO_COMMON_BLOCKS = YES;
				GCC_OPTIMIZATION_LEVEL = 0;
				GCC_PREPROCESSOR_DEFINITIONS = (
					"DEBUG=1",
					"$(inherited)",
				);
				GCC_WARN_64_TO_32_BIT_CONVERSION = YES;
				GCC_WARN_ABOUT_RETURN_TYPE = YES_ERROR;
				GCC_WARN_UNDECLARED_SELECTOR = YES;
				GCC_WARN_UNINITIALIZED_AUTOS = YES_AGGRESSIVE;
				GCC_WARN_UNUSED_FUNCTION = YES;
				GCC_WARN_UNUSED_VARIABLE = YES;
				IPHONEOS_DEPLOYMENT_TARGET = 12.1;
				MTL_ENABLE_DEBUG_INFO = INCLUDE_SOURCE;
				MTL_FAST_MATH = YES;
				ONLY_ACTIVE_ARCH = YES;
				SDKROOT = iphoneos;
				SWIFT_ACTIVE_COMPILATION_CONDITIONS = DEBUG;
				SWIFT_OPTIMIZATION_LEVEL = "-Onone";
			};
			name = Debug;
		};
		D5ABD3CD2270928200791538 /* Release */ = {
			isa = XCBuildConfiguration;
			buildSettings = {
				ALWAYS_SEARCH_USER_PATHS = NO;
				CLANG_ANALYZER_NONNULL = YES;
				CLANG_ANALYZER_NUMBER_OBJECT_CONVERSION = YES_AGGRESSIVE;
				CLANG_CXX_LANGUAGE_STANDARD = "gnu++14";
				CLANG_CXX_LIBRARY = "libc++";
				CLANG_ENABLE_MODULES = YES;
				CLANG_ENABLE_OBJC_ARC = YES;
				CLANG_ENABLE_OBJC_WEAK = YES;
				CLANG_WARN_BLOCK_CAPTURE_AUTORELEASING = YES;
				CLANG_WARN_BOOL_CONVERSION = YES;
				CLANG_WARN_COMMA = YES;
				CLANG_WARN_CONSTANT_CONVERSION = YES;
				CLANG_WARN_DEPRECATED_OBJC_IMPLEMENTATIONS = YES;
				CLANG_WARN_DIRECT_OBJC_ISA_USAGE = YES_ERROR;
				CLANG_WARN_DOCUMENTATION_COMMENTS = YES;
				CLANG_WARN_EMPTY_BODY = YES;
				CLANG_WARN_ENUM_CONVERSION = YES;
				CLANG_WARN_INFINITE_RECURSION = YES;
				CLANG_WARN_INT_CONVERSION = YES;
				CLANG_WARN_NON_LITERAL_NULL_CONVERSION = YES;
				CLANG_WARN_OBJC_IMPLICIT_RETAIN_SELF = YES;
				CLANG_WARN_OBJC_LITERAL_CONVERSION = YES;
				CLANG_WARN_OBJC_ROOT_CLASS = YES_ERROR;
				CLANG_WARN_RANGE_LOOP_ANALYSIS = YES;
				CLANG_WARN_STRICT_PROTOTYPES = YES;
				CLANG_WARN_SUSPICIOUS_MOVE = YES;
				CLANG_WARN_UNGUARDED_AVAILABILITY = YES_AGGRESSIVE;
				CLANG_WARN_UNREACHABLE_CODE = YES;
				CLANG_WARN__DUPLICATE_METHOD_MATCH = YES;
				CODE_SIGN_IDENTITY = "iPhone Developer";
				COPY_PHASE_STRIP = NO;
				DEBUG_INFORMATION_FORMAT = "dwarf-with-dsym";
				ENABLE_NS_ASSERTIONS = NO;
				ENABLE_STRICT_OBJC_MSGSEND = YES;
				GCC_C_LANGUAGE_STANDARD = gnu11;
				GCC_NO_COMMON_BLOCKS = YES;
				GCC_WARN_64_TO_32_BIT_CONVERSION = YES;
				GCC_WARN_ABOUT_RETURN_TYPE = YES_ERROR;
				GCC_WARN_UNDECLARED_SELECTOR = YES;
				GCC_WARN_UNINITIALIZED_AUTOS = YES_AGGRESSIVE;
				GCC_WARN_UNUSED_FUNCTION = YES;
				GCC_WARN_UNUSED_VARIABLE = YES;
				IPHONEOS_DEPLOYMENT_TARGET = 12.1;
				MTL_ENABLE_DEBUG_INFO = NO;
				MTL_FAST_MATH = YES;
				SDKROOT = iphoneos;
				SWIFT_COMPILATION_MODE = wholemodule;
				SWIFT_OPTIMIZATION_LEVEL = "-O";
				VALIDATE_PRODUCT = YES;
			};
			name = Release;
		};
		D5ABD3CF2270928200791538 /* Debug */ = {
			isa = XCBuildConfiguration;
			baseConfigurationReference = 6F30BC438D06844B37DF0050 /* Pods-LocalJson.debug.xcconfig */;
			buildSettings = {
				ASSETCATALOG_COMPILER_APPICON_NAME = AppIcon;
				CODE_SIGN_STYLE = Automatic;
				INFOPLIST_FILE = LocalJson/Info.plist;
				LD_RUNPATH_SEARCH_PATHS = (
					"$(inherited)",
					"@executable_path/Frameworks",
				);
				PRODUCT_BUNDLE_IDENTIFIER = com.quadrant.LocalJson;
				PRODUCT_NAME = "$(TARGET_NAME)";
				SWIFT_VERSION = 4.2;
				TARGETED_DEVICE_FAMILY = "1,2";
			};
			name = Debug;
		};
		D5ABD3D02270928200791538 /* Release */ = {
			isa = XCBuildConfiguration;
			baseConfigurationReference = A48B115FCA96493E8FB18880 /* Pods-LocalJson.release.xcconfig */;
			buildSettings = {
				ASSETCATALOG_COMPILER_APPICON_NAME = AppIcon;
				CODE_SIGN_STYLE = Automatic;
				INFOPLIST_FILE = LocalJson/Info.plist;
				LD_RUNPATH_SEARCH_PATHS = (
					"$(inherited)",
					"@executable_path/Frameworks",
				);
				PRODUCT_BUNDLE_IDENTIFIER = com.quadrant.LocalJson;
				PRODUCT_NAME = "$(TARGET_NAME)";
				SWIFT_VERSION = 4.2;
				TARGETED_DEVICE_FAMILY = "1,2";
			};
			name = Release;
		};
/* End XCBuildConfiguration section */

/* Begin XCConfigurationList section */
		D5ABD3B42270928100791538 /* Build configuration list for PBXProject "LocalJson" */ = {
			isa = XCConfigurationList;
			buildConfigurations = (
				D5ABD3CC2270928200791538 /* Debug */,
				D5ABD3CD2270928200791538 /* Release */,
			);
			defaultConfigurationIsVisible = 0;
			defaultConfigurationName = Release;
		};
		D5ABD3CE2270928200791538 /* Build configuration list for PBXNativeTarget "LocalJson" */ = {
			isa = XCConfigurationList;
			buildConfigurations = (
				D5ABD3CF2270928200791538 /* Debug */,
				D5ABD3D02270928200791538 /* Release */,
			);
			defaultConfigurationIsVisible = 0;
			defaultConfigurationName = Release;
		};
/* End XCConfigurationList section */

/* Begin XCVersionGroup section */
		D5ABD3C32270928100791538 /* LocalJson.xcdatamodeld */ = {
			isa = XCVersionGroup;
			children = (
				D5ABD3C42270928100791538 /* LocalJson.xcdatamodel */,
			);
			currentVersion = D5ABD3C42270928100791538 /* LocalJson.xcdatamodel */;
			path = LocalJson.xcdatamodeld;
			sourceTree = "<group>";
			versionGroupType = wrapper.xcdatamodel;
		};
/* End XCVersionGroup section */
	};
	rootObject = D5ABD3B12270928100791538 /* Project object */;
}
